
Microsoft Visual Studio Solution File, Format Version 12.00
# Visual Studio 15
VisualStudioVersion = 15.0.27004.2005
MinimumVisualStudioVersion = 10.0.40219.1
Project("{9A19103F-16F7-4668-BE54-9A1E7A4F7556}") = "Communication", "Communication\Communication.csproj", "{3468DD36-2210-4C50-8098-EF54CE87DDA1}"
EndProject
Project("{FAE04EC0-301F-11D3-BF4B-00C04F79EFBC}") = "Communication.Forms", "Communication.Forms\Communication.Forms.csproj", "{8283A08C-AD41-4FAD-B1A7-05FC4135FB09}"
EndProject
Project("{FAE04EC0-301F-11D3-BF4B-00C04F79EFBC}") = "CommunicationDebugTool", "CommunicationDebugTool\CommunicationDebugTool.csproj", "{84F5B39C-83DF-4C4D-9FF3-57F81230CCA6}"
EndProject
Global
	GlobalSection(SolutionConfigurationPlatforms) = preSolution
		Debug|Any CPU = Debug|Any CPU
		Release|Any CPU = Release|Any CPU
	EndGlobalSection
	GlobalSection(ProjectConfigurationPlatforms) = postSolution
		{3468DD36-2210-4C50-8098-EF54CE87DDA1}.Debug|Any CPU.ActiveCfg = Debug|Any CPU
		{3468DD36-2210-4C50-8098-EF54CE87DDA1}.Debug|Any CPU.Build.0 = Debug|Any CPU
		{3468DD36-2210-4C50-8098-EF54CE87DDA1}.Release|Any CPU.ActiveCfg = Release|Any CPU
		{3468DD36-2210-4C50-8098-EF54CE87DDA1}.Release|Any CPU.Build.0 = Release|Any CPU
		{8283A08C-AD41-4FAD-B1A7-05FC4135FB09}.Debug|Any CPU.ActiveCfg = Debug|Any CPU
		{8283A08C-AD41-4FAD-B1A7-05FC4135FB09}.Debug|Any CPU.Build.0 = Debug|Any CPU
		{8283A08C-AD41-4FAD-B1A7-05FC4135FB09}.Release|Any CPU.ActiveCfg = Release|Any CPU
		{8283A08C-AD41-4FAD-B1A7-05FC4135FB09}.Release|Any CPU.Build.0 = Release|Any CPU
		{84F5B39C-83DF-4C4D-9FF3-57F81230CCA6}.Debug|Any CPU.ActiveCfg = Debug|Any CPU
		{84F5B39C-83DF-4C4D-9FF3-57F81230CCA6}.Debug|Any CPU.Build.0 = Debug|Any CPU
		{84F5B39C-83DF-4C4D-9FF3-57F81230CCA6}.Release|Any CPU.ActiveCfg = Release|Any CPU
		{84F5B39C-83DF-4C4D-9FF3-57F81230CCA6}.Release|Any CPU.Build.0 = Release|Any CPU
	EndGlobalSection
	GlobalSection(SolutionProperties) = preSolution
		HideSolutionNode = FALSE
	EndGlobalSection
	GlobalSection(ExtensibilityGlobals) = postSolution
		SolutionGuid = {94E2F17C-8AFF-4754-89B5-CE73FA2F3E2A}
	EndGlobalSection
EndGlobal
